
Microsoft Visual Studio Solution File, Format Version 12.00
# Visual Studio Version 17
VisualStudioVersion = 17.14.36121.58 d17.14
MinimumVisualStudioVersion = 10.0.40219.1
Project("{FAE04EC0-301F-11D3-BF4B-00C04F79EFBC}") = "JBvisioncontrol", "JBvisioncontrol.csproj", "{51A794CD-F168-4298-93DE-C97DC9FBFA68}"
EndProject
Global
	GlobalSection(SolutionConfigurationPlatforms) = preSolution
		Debug|Any CPU = Debug|Any CPU
		Release|Any CPU = Release|Any CPU
	EndGlobalSection
	GlobalSection(ProjectConfigurationPlatforms) = postSolution
		{51A794CD-F168-4298-93DE-C97DC9FBFA68}.Debug|Any CPU.ActiveCfg = Debug|Any CPU
		{51A794CD-F168-4298-93DE-C97DC9FBFA68}.Debug|Any CPU.Build.0 = Debug|Any CPU
		{51A794CD-F168-4298-93DE-C97DC9FBFA68}.Release|Any CPU.ActiveCfg = Release|Any CPU
		{51A794CD-F168-4298-93DE-C97DC9FBFA68}.Release|Any CPU.Build.0 = Release|Any CPU
	EndGlobalSection
	GlobalSection(SolutionProperties) = preSolution
		HideSolutionNode = FALSE
	EndGlobalSection
	GlobalSection(ExtensibilityGlobals) = postSolution
		SolutionGuid = {0588F61F-4DCB-4667-B729-650A4EF521B2}
	EndGlobalSection
EndGlobal
